// !$*UTF8*$!
{
	archiveVersion = 1;
	classes = {
	};
	objectVersion = 56;
	objects = {

/* Begin PBXBuildFile section */
		6046A4602D52897A003A19E4 /* busi523App.swift in Sources */ = {isa = PBXBuildFile; fileRef = 6046A45F2D52897A003A19E4 /* busi523App.swift */; };
		6046A4622D52897A003A19E4 /* ContentView.swift in Sources */ = {isa = PBXBuildFile; fileRef = 6046A4612D52897A003A19E4 /* ContentView.swift */; };
		6046A4642D52897C003A19E4 /* Assets.xcassets in Resources */ = {isa = PBXBuildFile; fileRef = 6046A4632D52897C003A19E4 /* Assets.xcassets */; };
		6046A4672D52897C003A19E4 /* Preview Assets.xcassets in Resources */ = {isa = PBXBuildFile; fileRef = 6046A4662D52897C003A19E4 /* Preview Assets.xcassets */; };
		6046A4752D52924D003A19E4 /* StemOptions.json in Resources */ = {isa = PBXBuildFile; fileRef = 6046A4742D52924D003A19E4 /* StemOptions.json */; };
		6046A47C2D52A2AE003A19E4 /* GameView.swift in Sources */ = {isa = PBXBuildFile; fileRef = 6046A46D2D528D0D003A19E4 /* GameView.swift */; };
		6046A4802D52B410003A19E4 /* ActualView.swift in Sources */ = {isa = PBXBuildFile; fileRef = 6046A47F2D52B410003A19E4 /* ActualView.swift */; };
		6046A4822D52BA4C003A19E4 /* GameManager.swift in Sources */ = {isa = PBXBuildFile; fileRef = 6046A4812D52BA4C003A19E4 /* GameManager.swift */; };
		6046A4842D52BA6D003A19E4 /* QuestionView.swift in Sources */ = {isa = PBXBuildFile; fileRef = 6046A4832D52BA6D003A19E4 /* QuestionView.swift */; };
		6046A4862D52BB5F003A19E4 /* ResultsView.swift in Sources */ = {isa = PBXBuildFile; fileRef = 6046A4852D52BB5F003A19E4 /* ResultsView.swift */; };
/* End PBXBuildFile section */

/* Begin PBXFileReference section */
		6046A45C2D52897A003A19E4 /* busi523.app */ = {isa = PBXFileReference; explicitFileType = wrapper.application; includeInIndex = 0; path = busi523.app; sourceTree = BUILT_PRODUCTS_DIR; };
		6046A45F2D52897A003A19E4 /* busi523App.swift */ = {isa = PBXFileReference; lastKnownFileType = sourcecode.swift; path = busi523App.swift; sourceTree = "<group>"; };
		6046A4612D52897A003A19E4 /* ContentView.swift */ = {isa = PBXFileReference; lastKnownFileType = sourcecode.swift; path = ContentView.swift; sourceTree = "<group>"; };
		6046A4632D52897C003A19E4 /* Assets.xcassets */ = {isa = PBXFileReference; lastKnownFileType = folder.assetcatalog; path = Assets.xcassets; sourceTree = "<group>"; };
		6046A4662D52897C003A19E4 /* Preview Assets.xcassets */ = {isa = PBXFileReference; lastKnownFileType = folder.assetcatalog; path = "Preview Assets.xcassets"; sourceTree = "<group>"; };
		6046A46D2D528D0D003A19E4 /* GameView.swift */ = {isa = PBXFileReference; lastKnownFileType = sourcecode.swift; path = GameView.swift; sourceTree = "<group>"; };
		6046A4742D52924D003A19E4 /* StemOptions.json */ = {isa = PBXFileReference; lastKnownFileType = text.json; name = StemOptions.json; path = busi523/StemOptions.json; sourceTree = SOURCE_ROOT; };
		6046A47F2D52B410003A19E4 /* ActualView.swift */ = {isa = PBXFileReference; lastKnownFileType = sourcecode.swift; path = ActualView.swift; sourceTree = "<group>"; };
		6046A4812D52BA4C003A19E4 /* GameManager.swift */ = {isa = PBXFileReference; lastKnownFileType = sourcecode.swift; path = GameManager.swift; sourceTree = "<group>"; };
		6046A4832D52BA6D003A19E4 /* QuestionView.swift */ = {isa = PBXFileReference; lastKnownFileType = sourcecode.swift; path = QuestionView.swift; sourceTree = "<group>"; };
		6046A4852D52BB5F003A19E4 /* ResultsView.swift */ = {isa = PBXFileReference; lastKnownFileType = sourcecode.swift; path = ResultsView.swift; sourceTree = "<group>"; };
/* End PBXFileReference section */

/* Begin PBXFrameworksBuildPhase section */
		6046A4592D52897A003A19E4 /* Frameworks */ = {
			isa = PBXFrameworksBuildPhase;
			buildActionMask = 2147483647;
			files = (
			);
			runOnlyForDeploymentPostprocessing = 0;
		};
/* End PBXFrameworksBuildPhase section */

/* Begin PBXGroup section */
		6046A4532D52897A003A19E4 = {
			isa = PBXGroup;
			children = (
				6046A45E2D52897A003A19E4 /* busi523 */,
				6046A45D2D52897A003A19E4 /* Products */,
			);
			sourceTree = "<group>";
		};
		6046A45D2D52897A003A19E4 /* Products */ = {
			isa = PBXGroup;
			children = (
				6046A45C2D52897A003A19E4 /* busi523.app */,
			);
			name = Products;
			sourceTree = "<group>";
		};
		6046A45E2D52897A003A19E4 /* busi523 */ = {
			isa = PBXGroup;
			children = (
				6046A4742D52924D003A19E4 /* StemOptions.json */,
				6046A45F2D52897A003A19E4 /* busi523App.swift */,
				6046A4612D52897A003A19E4 /* ContentView.swift */,
				6046A46D2D528D0D003A19E4 /* GameView.swift */,
				6046A4832D52BA6D003A19E4 /* QuestionView.swift */,
				6046A4852D52BB5F003A19E4 /* ResultsView.swift */,
				6046A4812D52BA4C003A19E4 /* GameManager.swift */,
				6046A47F2D52B410003A19E4 /* ActualView.swift */,
				6046A4632D52897C003A19E4 /* Assets.xcassets */,
				6046A4652D52897C003A19E4 /* Preview Content */,
			);
			path = busi523;
			sourceTree = "<group>";
		};
		6046A4652D52897C003A19E4 /* Preview Content */ = {
			isa = PBXGroup;
			children = (
				6046A4662D52897C003A19E4 /* Preview Assets.xcassets */,
			);
			path = "Preview Content";
			sourceTree = "<group>";
		};
/* End PBXGroup section */

/* Begin PBXNativeTarget section */
		6046A45B2D52897A003A19E4 /* busi523 */ = {
			isa = PBXNativeTarget;
			buildConfigurationList = 6046A46A2D52897C003A19E4 /* Build configuration list for PBXNativeTarget "busi523" */;
			buildPhases = (
				6046A4582D52897A003A19E4 /* Sources */,
				6046A4592D52897A003A19E4 /* Frameworks */,
				6046A45A2D52897A003A19E4 /* Resources */,
			);
			buildRules = (
			);
			dependencies = (
			);
			name = busi523;
			productName = busi523;
			productReference = 6046A45C2D52897A003A19E4 /* busi523.app */;
			productType = "com.apple.product-type.application";
		};
/* End PBXNativeTarget section */

/* Begin PBXProject section */
		6046A4542D52897A003A19E4 /* Project object */ = {
			isa = PBXProject;
			attributes = {
				BuildIndependentTargetsInParallel = 1;
				LastSwiftUpdateCheck = 1540;
				LastUpgradeCheck = 1540;
				TargetAttributes = {
					6046A45B2D52897A003A19E4 = {
						CreatedOnToolsVersion = 15.4;
					};
				};
			};
			buildConfigurationList = 6046A4572D52897A003A19E4 /* Build configuration list for PBXProject "busi523" */;
			compatibilityVersion = "Xcode 14.0";
			developmentRegion = en;
			hasScannedForEncodings = 0;
			knownRegions = (
				en,
				Base,
			);
			mainGroup = 6046A4532D52897A003A19E4;
			productRefGroup = 6046A45D2D52897A003A19E4 /* Products */;
			projectDirPath = "";
			projectRoot = "";
			targets = (
				6046A45B2D52897A003A19E4 /* busi523 */,
			);
		};
/* End PBXProject section */

/* Begin PBXResourcesBuildPhase section */
		6046A45A2D52897A003A19E4 /* Resources */ = {
			isa = PBXResourcesBuildPhase;
			buildActionMask = 2147483647;
			files = (
				6046A4752D52924D003A19E4 /* StemOptions.json in Resources */,
				6046A4672D52897C003A19E4 /* Preview Assets.xcassets in Resources */,
				6046A4642D52897C003A19E4 /* Assets.xcassets in Resources */,
			);
			runOnlyForDeploymentPostprocessing = 0;
		};
/* End PBXResourcesBuildPhase section */

/* Begin PBXSourcesBuildPhase section */
		6046A4582D52897A003A19E4 /* Sources */ = {
			isa = PBXSourcesBuildPhase;
			buildActionMask = 2147483647;
			files = (
				6046A4802D52B410003A19E4 /* ActualView.swift in Sources */,
				6046A4622D52897A003A19E4 /* ContentView.swift in Sources */,
				6046A47C2D52A2AE003A19E4 /* GameView.swift in Sources */,
				6046A4602D52897A003A19E4 /* busi523App.swift in Sources */,
				6046A4862D52BB5F003A19E4 /* ResultsView.swift in Sources */,
				6046A4842D52BA6D003A19E4 /* QuestionView.swift in Sources */,
				6046A4822D52BA4C003A19E4 /* GameManager.swift in Sources */,
			);
			runOnlyForDeploymentPostprocessing = 0;
		};
/* End PBXSourcesBuildPhase section */

/* Begin XCBuildConfiguration section */
		6046A4682D52897C003A19E4 /* Debug */ = {
			isa = XCBuildConfiguration;
			buildSettings = {
				ALWAYS_SEARCH_USER_PATHS = NO;
				ASSETCATALOG_COMPILER_GENERATE_SWIFT_ASSET_SYMBOL_EXTENSIONS = YES;
				CLANG_ANALYZER_NONNULL = YES;
				CLANG_ANALYZER_NUMBER_OBJECT_CONVERSION = YES_AGGRESSIVE;
				CLANG_CXX_LANGUAGE_STANDARD = "gnu++20";
				CLANG_ENABLE_MODULES = YES;
				CLANG_ENABLE_OBJC_ARC = YES;
				CLANG_ENABLE_OBJC_WEAK = YES;
				CLANG_WARN_BLOCK_CAPTURE_AUTORELEASING = YES;
				CLANG_WARN_BOOL_CONVERSION = YES;
				CLANG_WARN_COMMA = YES;
				CLANG_WARN_CONSTANT_CONVERSION = YES;
				CLANG_WARN_DEPRECATED_OBJC_IMPLEMENTATIONS = YES;
				CLANG_WARN_DIRECT_OBJC_ISA_USAGE = YES_ERROR;
				CLANG_WARN_DOCUMENTATION_COMMENTS = YES;
				CLANG_WARN_EMPTY_BODY = YES;
				CLANG_WARN_ENUM_CONVERSION = YES;
				CLANG_WARN_INFINITE_RECURSION = YES;
				CLANG_WARN_INT_CONVERSION = YES;
				CLANG_WARN_NON_LITERAL_NULL_CONVERSION = YES;
				CLANG_WARN_OBJC_IMPLICIT_RETAIN_SELF = YES;
				CLANG_WARN_OBJC_LITERAL_CONVERSION = YES;
				CLANG_WARN_OBJC_ROOT_CLASS = YES_ERROR;
				CLANG_WARN_QUOTED_INCLUDE_IN_FRAMEWORK_HEADER = YES;
				CLANG_WARN_RANGE_LOOP_ANALYSIS = YES;
				CLANG_WARN_STRICT_PROTOTYPES = YES;
				CLANG_WARN_SUSPICIOUS_MOVE = YES;
				CLANG_WARN_UNGUARDED_AVAILABILITY = YES_AGGRESSIVE;
				CLANG_WARN_UNREACHABLE_CODE = YES;
				CLANG_WARN__DUPLICATE_METHOD_MATCH = YES;
				COPY_PHASE_STRIP = NO;
				DEBUG_INFORMATION_FORMAT = dwarf;
				ENABLE_STRICT_OBJC_MSGSEND = YES;
				ENABLE_TESTABILITY = YES;
				ENABLE_USER_SCRIPT_SANDBOXING = YES;
				GCC_C_LANGUAGE_STANDARD = gnu17;
				GCC_DYNAMIC_NO_PIC = NO;
				GCC_NO_COMMON_BLOCKS = YES;
				GCC_OPTIMIZATION_LEVEL = 0;
				GCC_PREPROCESSOR_DEFINITIONS = (
					"DEBUG=1",
					"$(inherited)",
				);
				GCC_WARN_64_TO_32_BIT_CONVERSION = YES;
				GCC_WARN_ABOUT_RETURN_TYPE = YES_ERROR;
				GCC_WARN_UNDECLARED_SELECTOR = YES;
				GCC_WARN_UNINITIALIZED_AUTOS = YES_AGGRESSIVE;
				GCC_WARN_UNUSED_FUNCTION = YES;
				GCC_WARN_UNUSED_VARIABLE = YES;
				IPHONEOS_DEPLOYMENT_TARGET = 17.5;
				LOCALIZATION_PREFERS_STRING_CATALOGS = YES;
				MTL_ENABLE_DEBUG_INFO = INCLUDE_SOURCE;
				MTL_FAST_MATH = YES;
				ONLY_ACTIVE_ARCH = YES;
				SDKROOT = iphoneos;
				SWIFT_ACTIVE_COMPILATION_CONDITIONS = "DEBUG $(inherited)";
				SWIFT_OPTIMIZATION_LEVEL = "-Onone";
			};
			name = Debug;
		};
		6046A4692D52897C003A19E4 /* Release */ = {
			isa = XCBuildConfiguration;
			buildSettings = {
				ALWAYS_SEARCH_USER_PATHS = NO;
				ASSETCATALOG_COMPILER_GENERATE_SWIFT_ASSET_SYMBOL_EXTENSIONS = YES;
				CLANG_ANALYZER_NONNULL = YES;
				CLANG_ANALYZER_NUMBER_OBJECT_CONVERSION = YES_AGGRESSIVE;
				CLANG_CXX_LANGUAGE_STANDARD = "gnu++20";
				CLANG_ENABLE_MODULES = YES;
				CLANG_ENABLE_OBJC_ARC = YES;
				CLANG_ENABLE_OBJC_WEAK = YES;
				CLANG_WARN_BLOCK_CAPTURE_AUTORELEASING = YES;
				CLANG_WARN_BOOL_CONVERSION = YES;
				CLANG_WARN_COMMA = YES;
				CLANG_WARN_CONSTANT_CONVERSION = YES;
				CLANG_WARN_DEPRECATED_OBJC_IMPLEMENTATIONS = YES;
				CLANG_WARN_DIRECT_OBJC_ISA_USAGE = YES_ERROR;
				CLANG_WARN_DOCUMENTATION_COMMENTS = YES;
				CLANG_WARN_EMPTY_BODY = YES;
				CLANG_WARN_ENUM_CONVERSION = YES;
				CLANG_WARN_INFINITE_RECURSION = YES;
				CLANG_WARN_INT_CONVERSION = YES;
				CLANG_WARN_NON_LITERAL_NULL_CONVERSION = YES;
				CLANG_WARN_OBJC_IMPLICIT_RETAIN_SELF = YES;
				CLANG_WARN_OBJC_LITERAL_CONVERSION = YES;
				CLANG_WARN_OBJC_ROOT_CLASS = YES_ERROR;
				CLANG_WARN_QUOTED_INCLUDE_IN_FRAMEWORK_HEADER = YES;
				CLANG_WARN_RANGE_LOOP_ANALYSIS = YES;
				CLANG_WARN_STRICT_PROTOTYPES = YES;
				CLANG_WARN_SUSPICIOUS_MOVE = YES;
				CLANG_WARN_UNGUARDED_AVAILABILITY = YES_AGGRESSIVE;
				CLANG_WARN_UNREACHABLE_CODE = YES;
				CLANG_WARN__DUPLICATE_METHOD_MATCH = YES;
				COPY_PHASE_STRIP = NO;
				DEBUG_INFORMATION_FORMAT = "dwarf-with-dsym";
				ENABLE_NS_ASSERTIONS = NO;
				ENABLE_STRICT_OBJC_MSGSEND = YES;
				ENABLE_USER_SCRIPT_SANDBOXING = YES;
				GCC_C_LANGUAGE_STANDARD = gnu17;
				GCC_NO_COMMON_BLOCKS = YES;
				GCC_WARN_64_TO_32_BIT_CONVERSION = YES;
				GCC_WARN_ABOUT_RETURN_TYPE = YES_ERROR;
				GCC_WARN_UNDECLARED_SELECTOR = YES;
				GCC_WARN_UNINITIALIZED_AUTOS = YES_AGGRESSIVE;
				GCC_WARN_UNUSED_FUNCTION = YES;
				GCC_WARN_UNUSED_VARIABLE = YES;
				IPHONEOS_DEPLOYMENT_TARGET = 17.5;
				LOCALIZATION_PREFERS_STRING_CATALOGS = YES;
				MTL_ENABLE_DEBUG_INFO = NO;
				MTL_FAST_MATH = YES;
				SDKROOT = iphoneos;
				SWIFT_COMPILATION_MODE = wholemodule;
				VALIDATE_PRODUCT = YES;
			};
			name = Release;
		};
		6046A46B2D52897C003A19E4 /* Debug */ = {
			isa = XCBuildConfiguration;
			buildSettings = {
				ASSETCATALOG_COMPILER_APPICON_NAME = AppIcon;
				ASSETCATALOG_COMPILER_GLOBAL_ACCENT_COLOR_NAME = AccentColor;
				CODE_SIGN_STYLE = Automatic;
				CURRENT_PROJECT_VERSION = 1;
				DEVELOPMENT_ASSET_PATHS = "\"busi523/Preview Content\"";
				ENABLE_PREVIEWS = YES;
				GENERATE_INFOPLIST_FILE = YES;
				INFOPLIST_KEY_UIApplicationSceneManifest_Generation = YES;
				INFOPLIST_KEY_UIApplicationSupportsIndirectInputEvents = YES;
				INFOPLIST_KEY_UILaunchScreen_Generation = YES;
				INFOPLIST_KEY_UISupportedInterfaceOrientations_iPad = "UIInterfaceOrientationPortrait UIInterfaceOrientationPortraitUpsideDown UIInterfaceOrientationLandscapeLeft UIInterfaceOrientationLandscapeRight";
				INFOPLIST_KEY_UISupportedInterfaceOrientations_iPhone = "UIInterfaceOrientationPortrait UIInterfaceOrientationLandscapeLeft UIInterfaceOrientationLandscapeRight";
				LD_RUNPATH_SEARCH_PATHS = (
					"$(inherited)",
					"@executable_path/Frameworks",
				);
				MARKETING_VERSION = 1.0;
				PRODUCT_BUNDLE_IDENTIFIER = shikhavvyas.busi523;
				PRODUCT_NAME = "$(TARGET_NAME)";
				SWIFT_EMIT_LOC_STRINGS = YES;
				SWIFT_VERSION = 5.0;
				TARGETED_DEVICE_FAMILY = "1,2";
			};
			name = Debug;
		};
		6046A46C2D52897C003A19E4 /* Release */ = {
			isa = XCBuildConfiguration;
			buildSettings = {
				ASSETCATALOG_COMPILER_APPICON_NAME = AppIcon;
				ASSETCATALOG_COMPILER_GLOBAL_ACCENT_COLOR_NAME = AccentColor;
				CODE_SIGN_STYLE = Automatic;
				CURRENT_PROJECT_VERSION = 1;
				DEVELOPMENT_ASSET_PATHS = "\"busi523/Preview Content\"";
				ENABLE_PREVIEWS = YES;
				GENERATE_INFOPLIST_FILE = YES;
				INFOPLIST_KEY_UIApplicationSceneManifest_Generation = YES;
				INFOPLIST_KEY_UIApplicationSupportsIndirectInputEvents = YES;
				INFOPLIST_KEY_UILaunchScreen_Generation = YES;
				INFOPLIST_KEY_UISupportedInterfaceOrientations_iPad = "UIInterfaceOrientationPortrait UIInterfaceOrientationPortraitUpsideDown UIInterfaceOrientationLandscapeLeft UIInterfaceOrientationLandscapeRight";
				INFOPLIST_KEY_UISupportedInterfaceOrientations_iPhone = "UIInterfaceOrientationPortrait UIInterfaceOrientationLandscapeLeft UIInterfaceOrientationLandscapeRight";
				LD_RUNPATH_SEARCH_PATHS = (
					"$(inherited)",
					"@executable_path/Frameworks",
				);
				MARKETING_VERSION = 1.0;
				PRODUCT_BUNDLE_IDENTIFIER = shikhavvyas.busi523;
				PRODUCT_NAME = "$(TARGET_NAME)";
				SWIFT_EMIT_LOC_STRINGS = YES;
				SWIFT_VERSION = 5.0;
				TARGETED_DEVICE_FAMILY = "1,2";
			};
			name = Release;
		};
/* End XCBuildConfiguration section */

/* Begin XCConfigurationList section */
		6046A4572D52897A003A19E4 /* Build configuration list for PBXProject "busi523" */ = {
			isa = XCConfigurationList;
			buildConfigurations = (
				6046A4682D52897C003A19E4 /* Debug */,
				6046A4692D52897C003A19E4 /* Release */,
			);
			defaultConfigurationIsVisible = 0;
			defaultConfigurationName = Release;
		};
		6046A46A2D52897C003A19E4 /* Build configuration list for PBXNativeTarget "busi523" */ = {
			isa = XCConfigurationList;
			buildConfigurations = (
				6046A46B2D52897C003A19E4 /* Debug */,
				6046A46C2D52897C003A19E4 /* Release */,
			);
			defaultConfigurationIsVisible = 0;
			defaultConfigurationName = Release;
		};
/* End XCConfigurationList section */
	};
	rootObject = 6046A4542D52897A003A19E4 /* Project object */;
}
